
Microsoft Visual Studio Solution File, Format Version 12.00
# Visual Studio Version 17
VisualStudioVersion = 17.5.33414.496
MinimumVisualStudioVersion = 10.0.40219.1
Project("{FAE04EC0-301F-11D3-BF4B-00C04F79EFBC}") = "HELPDESK", "HELPDESK.csproj", "{7C4DD3C6-3D60-4D70-AD6D-7E3C300EF323}"
EndProject
Global
	GlobalSection(SolutionConfigurationPlatforms) = preSolution
		Debug|Any CPU = Debug|Any CPU
		Release|Any CPU = Release|Any CPU
	EndGlobalSection
	GlobalSection(ProjectConfigurationPlatforms) = postSolution
		{7C4DD3C6-3D60-4D70-AD6D-7E3C300EF323}.Debug|Any CPU.ActiveCfg = Debug|Any CPU
		{7C4DD3C6-3D60-4D70-AD6D-7E3C300EF323}.Debug|Any CPU.Build.0 = Debug|Any CPU
		{7C4DD3C6-3D60-4D70-AD6D-7E3C300EF323}.Release|Any CPU.ActiveCfg = Release|Any CPU
		{7C4DD3C6-3D60-4D70-AD6D-7E3C300EF323}.Release|Any CPU.Build.0 = Release|Any CPU
	EndGlobalSection
	GlobalSection(SolutionProperties) = preSolution
		HideSolutionNode = FALSE
	EndGlobalSection
	GlobalSection(ExtensibilityGlobals) = postSolution
		SolutionGuid = {C07445DC-EA85-4058-9166-56CDC6EF012C}
	EndGlobalSection
EndGlobal
